
Microsoft Visual Studio Solution File, Format Version 12.00
# Visual Studio 14
VisualStudioVersion = 14.0.23107.0
MinimumVisualStudioVersion = 10.0.40219.1
Project("{2150E333-8FDC-42A3-9474-1A3956D46DE8}") = "Solution Items", "Solution Items", "{DCAB3F0E-3735-4131-8C18-E973C511BAE7}"
	ProjectSection(SolutionItems) = preProject
		build.fsx = build.fsx
		README.md = README.md
	EndProjectSection
EndProject
Project("{2150E333-8FDC-42A3-9474-1A3956D46DE8}") = "test", "test", "{156A7657-8F5F-4BC1-81A1-B8BC1C0063F9}"
EndProject
Project("{2150E333-8FDC-42A3-9474-1A3956D46DE8}") = "src", "src", "{4D45BC7D-79C0-406E-A15F-32491C88BC0B}"
EndProject
Project("{F2A71F9B-5D33-465A-A702-920D77279786}") = "LastCell", "src\LastCell\LastCell.fsproj", "{CE169ED9-62AC-4E27-AB87-274CD2690610}"
EndProject
Project("{F2A71F9B-5D33-465A-A702-920D77279786}") = "LastCellTests", "test\LastCellTests\LastCellTests.fsproj", "{21B88D72-6E8E-443D-95D4-B0563D722E76}"
EndProject
Global
	GlobalSection(SolutionConfigurationPlatforms) = preSolution
		Debug|Any CPU = Debug|Any CPU
		Release|Any CPU = Release|Any CPU
	EndGlobalSection
	GlobalSection(ProjectConfigurationPlatforms) = postSolution
		{CE169ED9-62AC-4E27-AB87-274CD2690610}.Debug|Any CPU.ActiveCfg = Debug|Any CPU
		{CE169ED9-62AC-4E27-AB87-274CD2690610}.Debug|Any CPU.Build.0 = Debug|Any CPU
		{CE169ED9-62AC-4E27-AB87-274CD2690610}.Release|Any CPU.ActiveCfg = Release|Any CPU
		{CE169ED9-62AC-4E27-AB87-274CD2690610}.Release|Any CPU.Build.0 = Release|Any CPU
		{21B88D72-6E8E-443D-95D4-B0563D722E76}.Debug|Any CPU.ActiveCfg = Debug|Any CPU
		{21B88D72-6E8E-443D-95D4-B0563D722E76}.Debug|Any CPU.Build.0 = Debug|Any CPU
		{21B88D72-6E8E-443D-95D4-B0563D722E76}.Release|Any CPU.ActiveCfg = Release|Any CPU
		{21B88D72-6E8E-443D-95D4-B0563D722E76}.Release|Any CPU.Build.0 = Release|Any CPU
	EndGlobalSection
	GlobalSection(SolutionProperties) = preSolution
		HideSolutionNode = FALSE
	EndGlobalSection
	GlobalSection(NestedProjects) = preSolution
		{CE169ED9-62AC-4E27-AB87-274CD2690610} = {4D45BC7D-79C0-406E-A15F-32491C88BC0B}
		{21B88D72-6E8E-443D-95D4-B0563D722E76} = {156A7657-8F5F-4BC1-81A1-B8BC1C0063F9}
	EndGlobalSection
EndGlobal
