
Microsoft Visual Studio Solution File, Format Version 12.00
# Visual Studio 14
VisualStudioVersion = 14.0.23107.0
MinimumVisualStudioVersion = 10.0.40219.1
Project("{F2A71F9B-5D33-465A-A702-920D77279786}") = "LastCell", "LastCell.fsproj", "{CE169ED9-62AC-4E27-AB87-274CD2690610}"
EndProject
Project("{F2A71F9B-5D33-465A-A702-920D77279786}") = "LastCellTests", "..\LastCellTests\LastCellTests.fsproj", "{02592EF9-5DE6-4D2C-B179-72EC8A0EF6C4}"
EndProject
Global
	GlobalSection(SolutionConfigurationPlatforms) = preSolution
		Debug|Any CPU = Debug|Any CPU
		Release|Any CPU = Release|Any CPU
	EndGlobalSection
	GlobalSection(ProjectConfigurationPlatforms) = postSolution
		{CE169ED9-62AC-4E27-AB87-274CD2690610}.Debug|Any CPU.ActiveCfg = Debug|Any CPU
		{CE169ED9-62AC-4E27-AB87-274CD2690610}.Debug|Any CPU.Build.0 = Debug|Any CPU
		{CE169ED9-62AC-4E27-AB87-274CD2690610}.Release|Any CPU.ActiveCfg = Release|Any CPU
		{CE169ED9-62AC-4E27-AB87-274CD2690610}.Release|Any CPU.Build.0 = Release|Any CPU
		{02592EF9-5DE6-4D2C-B179-72EC8A0EF6C4}.Debug|Any CPU.ActiveCfg = Debug|Any CPU
		{02592EF9-5DE6-4D2C-B179-72EC8A0EF6C4}.Debug|Any CPU.Build.0 = Debug|Any CPU
		{02592EF9-5DE6-4D2C-B179-72EC8A0EF6C4}.Release|Any CPU.ActiveCfg = Release|Any CPU
		{02592EF9-5DE6-4D2C-B179-72EC8A0EF6C4}.Release|Any CPU.Build.0 = Release|Any CPU
	EndGlobalSection
	GlobalSection(SolutionProperties) = preSolution
		HideSolutionNode = FALSE
	EndGlobalSection
EndGlobal
